
Microsoft Visual Studio Solution File, Format Version 12.00
# Visual Studio 15
VisualStudioVersion = 15.0.28307.1684
MinimumVisualStudioVersion = 10.0.40219.1
Project("{FAE04EC0-301F-11D3-BF4B-00C04F79EFBC}") = "ucak_rezarvasyon", "ucak_rezarvasyon\ucak_rezarvasyon.csproj", "{43C23F00-027B-4330-9431-EF10501732BE}"
EndProject
Global
	GlobalSection(SolutionConfigurationPlatforms) = preSolution
		Debug|Any CPU = Debug|Any CPU
		Release|Any CPU = Release|Any CPU
	EndGlobalSection
	GlobalSection(ProjectConfigurationPlatforms) = postSolution
		{43C23F00-027B-4330-9431-EF10501732BE}.Debug|Any CPU.ActiveCfg = Debug|Any CPU
		{43C23F00-027B-4330-9431-EF10501732BE}.Debug|Any CPU.Build.0 = Debug|Any CPU
		{43C23F00-027B-4330-9431-EF10501732BE}.Release|Any CPU.ActiveCfg = Release|Any CPU
		{43C23F00-027B-4330-9431-EF10501732BE}.Release|Any CPU.Build.0 = Release|Any CPU
	EndGlobalSection
	GlobalSection(SolutionProperties) = preSolution
		HideSolutionNode = FALSE
	EndGlobalSection
	GlobalSection(ExtensibilityGlobals) = postSolution
		SolutionGuid = {E6347B6C-35C6-435A-93E7-577D203145F2}
	EndGlobalSection
EndGlobal
